
Microsoft Visual Studio Solution File, Format Version 12.00
# Visual Studio Version 17
VisualStudioVersion = 17.10.34916.146
MinimumVisualStudioVersion = 10.0.40219.1
Project("{FAE04EC0-301F-11D3-BF4B-00C04F79EFBC}") = "Videoupload", "Videoupload\Videoupload.csproj", "{F70840EC-704E-4198-BB38-44042F16381D}"
EndProject
Project("{FAE04EC0-301F-11D3-BF4B-00C04F79EFBC}") = "VideoUploadApi", "VideoUploadApi\VideoUploadApi.csproj", "{3154BC58-74B6-4733-B024-C4850022C053}"
EndProject
Global
	GlobalSection(SolutionConfigurationPlatforms) = preSolution
		Debug|Any CPU = Debug|Any CPU
		Release|Any CPU = Release|Any CPU
	EndGlobalSection
	GlobalSection(ProjectConfigurationPlatforms) = postSolution
		{F70840EC-704E-4198-BB38-44042F16381D}.Debug|Any CPU.ActiveCfg = Debug|Any CPU
		{F70840EC-704E-4198-BB38-44042F16381D}.Debug|Any CPU.Build.0 = Debug|Any CPU
		{F70840EC-704E-4198-BB38-44042F16381D}.Release|Any CPU.ActiveCfg = Release|Any CPU
		{F70840EC-704E-4198-BB38-44042F16381D}.Release|Any CPU.Build.0 = Release|Any CPU
		{3154BC58-74B6-4733-B024-C4850022C053}.Debug|Any CPU.ActiveCfg = Debug|Any CPU
		{3154BC58-74B6-4733-B024-C4850022C053}.Debug|Any CPU.Build.0 = Debug|Any CPU
		{3154BC58-74B6-4733-B024-C4850022C053}.Release|Any CPU.ActiveCfg = Release|Any CPU
		{3154BC58-74B6-4733-B024-C4850022C053}.Release|Any CPU.Build.0 = Release|Any CPU
	EndGlobalSection
	GlobalSection(SolutionProperties) = preSolution
		HideSolutionNode = FALSE
	EndGlobalSection
	GlobalSection(ExtensibilityGlobals) = postSolution
		SolutionGuid = {834BC4CD-BE57-4A6F-A9EB-1DE427BEEC73}
	EndGlobalSection
EndGlobal
